{
  "name": "cocos-mobx",
  "version": "1.0.0",
  "lockfileVersion": 1,
  "requires": true,
  "dependencies": {
    "mobx": {
      "version": "5.0.3",
      "resolved": "http://registry.npm.taobao.org/mobx/download/mobx-5.0.3.tgz",
      "integrity": "sha1-U7l/Kg+bDdd3TJYkn4G/LVE9jhw="
    },
    "typescript": {
      "version": "3.0.1",
      "resolved": "http://registry.npm.taobao.org/typescript/download/typescript-3.0.1.tgz",
      "integrity": "sha1-Q3OPKVhdOodXVSCkuTq2Am7xH9s="
    }
  }
}
