# THIS IS AN AUTOGENERATED FILE. DO NOT EDIT THIS FILE DIRECTLY.
# yarn lockfile v1


mobx@^5.5.0:
  version "5.5.0"
  resolved "https://registry.npmjs.org/mobx/-/mobx-5.5.0.tgz#a29f6a7526eed28edcd3f0e921a1edaa8bb22575"

typescript@^3.0.1:
  version "3.0.1"
  resolved "http://registry.npm.taobao.org/typescript/download/typescript-3.0.1.tgz#43738f29585d3a87575520a4b93ab6026ef11fdb"
