# THIS IS AN AUTOGENERATED FILE. DO NOT EDIT THIS FILE DIRECTLY.
# yarn lockfile v1


mobx@^5.0.3:
  version "5.0.3"
  resolved "http://registry.npm.taobao.org/mobx/download/mobx-5.0.3.tgz#53b97f2a0f9b0dd7774c96249f81bf2d513d8e1c"

typescript@^3.0.1:
  version "3.0.1"
  resolved "http://registry.npm.taobao.org/typescript/download/typescript-3.0.1.tgz#43738f29585d3a87575520a4b93ab6026ef11fdb"
